
Microsoft Visual Studio Solution File, Format Version 12.00
# Visual Studio Version 16
VisualStudioVersion = 16.0.31321.278
MinimumVisualStudioVersion = 10.0.40219.1
Project("{FAE04EC0-301F-11D3-BF4B-00C04F79EFBC}") = "DIO.SERIES", "DIO.SERIES\DIO.SERIES.csproj", "{291066C8-3EA1-44F8-BA33-5377C2237BC6}"
EndProject
Global
	GlobalSection(SolutionConfigurationPlatforms) = preSolution
		Debug|Any CPU = Debug|Any CPU
		Release|Any CPU = Release|Any CPU
	EndGlobalSection
	GlobalSection(ProjectConfigurationPlatforms) = postSolution
		{291066C8-3EA1-44F8-BA33-5377C2237BC6}.Debug|Any CPU.ActiveCfg = Debug|Any CPU
		{291066C8-3EA1-44F8-BA33-5377C2237BC6}.Debug|Any CPU.Build.0 = Debug|Any CPU
		{291066C8-3EA1-44F8-BA33-5377C2237BC6}.Release|Any CPU.ActiveCfg = Release|Any CPU
		{291066C8-3EA1-44F8-BA33-5377C2237BC6}.Release|Any CPU.Build.0 = Release|Any CPU
	EndGlobalSection
	GlobalSection(SolutionProperties) = preSolution
		HideSolutionNode = FALSE
	EndGlobalSection
	GlobalSection(ExtensibilityGlobals) = postSolution
		SolutionGuid = {C2FF999F-726D-4792-8F24-874C66962558}
	EndGlobalSection
EndGlobal
